
Microsoft Visual Studio Solution File, Format Version 12.00
# Visual Studio Version 17
VisualStudioVersion = 17.9.34607.119
MinimumVisualStudioVersion = 10.0.40219.1
Project("{FAE04EC0-301F-11D3-BF4B-00C04F79EFBC}") = "PizzaStore", "PizzaStore\PizzaStore.csproj", "{FDA801AF-3451-4722-87DB-5A6A4F1C8727}"
EndProject
Global
	GlobalSection(SolutionConfigurationPlatforms) = preSolution
		Debug|Any CPU = Debug|Any CPU
		Release|Any CPU = Release|Any CPU
	EndGlobalSection
	GlobalSection(ProjectConfigurationPlatforms) = postSolution
		{FDA801AF-3451-4722-87DB-5A6A4F1C8727}.Debug|Any CPU.ActiveCfg = Debug|Any CPU
		{FDA801AF-3451-4722-87DB-5A6A4F1C8727}.Debug|Any CPU.Build.0 = Debug|Any CPU
		{FDA801AF-3451-4722-87DB-5A6A4F1C8727}.Release|Any CPU.ActiveCfg = Release|Any CPU
		{FDA801AF-3451-4722-87DB-5A6A4F1C8727}.Release|Any CPU.Build.0 = Release|Any CPU
	EndGlobalSection
	GlobalSection(SolutionProperties) = preSolution
		HideSolutionNode = FALSE
	EndGlobalSection
	GlobalSection(ExtensibilityGlobals) = postSolution
		SolutionGuid = {404C44D3-06BD-474A-8954-05FD7D0F43D1}
	EndGlobalSection
EndGlobal
